{
  "name": "demmet",
  "version": "1.0.0",
  "lockfileVersion": 3,
  "requires": true,
  "packages": {
    "": {
      "name": "demmet",
      "version": "1.0.0",
      "license": "MIT",
      "devDependencies": {
        "a-priori": "github:martineau-sw/a-priori"
      }
    },
    "node_modules/a-priori": {
      "version": "0.0.0",
      "resolved": "git+ssh://git@github.com/martineau-sw/a-priori.git#da1555ee2d1b4311a5ea352a8b84a87a007759a3",
      "dev": true,
      "license": "MIT",
      "bin": {
        "a-priori": "cli.js"
      }
    }
  }
}
